
Microsoft Visual Studio Solution File, Format Version 12.00
# Visual Studio Version 17
VisualStudioVersion = 17.2.32505.173
MinimumVisualStudioVersion = 10.0.40219.1
Project("{FAE04EC0-301F-11D3-BF4B-00C04F79EFBC}") = "ConsoleApp1", "ConsoleApp1\ConsoleApp1.csproj", "{8B948995-9FCF-49C3-81BA-6A34297E01C2}"
EndProject
Global
	GlobalSection(SolutionConfigurationPlatforms) = preSolution
		Debug|Any CPU = Debug|Any CPU
		Release|Any CPU = Release|Any CPU
	EndGlobalSection
	GlobalSection(ProjectConfigurationPlatforms) = postSolution
		{8B948995-9FCF-49C3-81BA-6A34297E01C2}.Debug|Any CPU.ActiveCfg = Debug|Any CPU
		{8B948995-9FCF-49C3-81BA-6A34297E01C2}.Debug|Any CPU.Build.0 = Debug|Any CPU
		{8B948995-9FCF-49C3-81BA-6A34297E01C2}.Release|Any CPU.ActiveCfg = Release|Any CPU
		{8B948995-9FCF-49C3-81BA-6A34297E01C2}.Release|Any CPU.Build.0 = Release|Any CPU
	EndGlobalSection
	GlobalSection(SolutionProperties) = preSolution
		HideSolutionNode = FALSE
	EndGlobalSection
	GlobalSection(ExtensibilityGlobals) = postSolution
		SolutionGuid = {E67503E0-5FA2-484C-847D-6DED2F3E7EA1}
	EndGlobalSection
EndGlobal
